<?xml version="1.0" encoding="utf-8"?>
<Project ToolsVersion="4.0" xmlns="http://schemas.microsoft.com/developer/msbuild/2003">
  <ItemGroup>
    <Filter Include="Source Files">
      <UniqueIdentifier>{4FC737F1-C7A5-4376-A066-2A32D752A2FF}</UniqueIdentifier>
      <Extensions>cpp;c;cc;cxx;def;odl;idl;hpj;bat;asm;asmx</Extensions>
    </Filter>
    <Filter Include="Header Files">
      <UniqueIdentifier>{93995380-89BD-4b04-88EB-625FBE52EBFB}</UniqueIdentifier>
      <Extensions>h;hpp;hxx;hm;inl;inc;xsd</Extensions>
    </Filter>
    <Filter Include="Resource Files">
      <UniqueIdentifier>{67DA6AB6-F800-4c08-8B7A-83BB121AAD01}</UniqueIdentifier>
      <Extensions>rc;ico;cur;bmp;dlg;rc2;rct;bin;rgs;gif;jpg;jpeg;jpe;resx;tiff;tif;png;wav;mfcribbon-ms</Extensions>
    </Filter>
    <Filter Include="Driver Files">
      <UniqueIdentifier>{8E41214B-6785-4CFE-B992-037D68949A14}</UniqueIdentifier>
      <Extensions>inf;inv;inx;mof;mc;</Extensions>
    </Filter>
  </ItemGroup>
  <ItemGroup>
    <ClCompile Include="src\main.cpp">
      <Filter>Source Files</Filter>
    </ClCompile>
    <ClCompile Include="src\utils\imports resolver.cpp">
      <Filter>Source Files</Filter>
    </ClCompile>
    <ClCompile Include="src\utils\enum process.cpp">
      <Filter>Source Files</Filter>
    </ClCompile>
    <ClCompile Include="src\hook.cpp">
      <Filter>Source Files</Filter>
    </ClCompile>
  </ItemGroup>
  <ItemGroup>
    <ClInclude Include="headers\kernelcloak\core\array.h">
      <Filter>Header Files</Filter>
    </ClInclude>
    <ClInclude Include="headers\kernelcloak\core\memory.h">
      <Filter>Header Files</Filter>
    </ClInclude>
    <ClInclude Include="headers\kernelcloak\core\random.h">
      <Filter>Header Files</Filter>
    </ClInclude>
    <ClInclude Include="headers\kernelcloak\core\string_utils.h">
      <Filter>Header Files</Filter>
    </ClInclude>
    <ClInclude Include="headers\kernelcloak\core\sync.h">
      <Filter>Header Files</Filter>
    </ClInclude>
    <ClInclude Include="headers\kernelcloak\core\types.h">
      <Filter>Header Files</Filter>
    </ClInclude>
    <ClInclude Include="headers\kernelcloak\crypto\hash.h">
      <Filter>Header Files</Filter>
    </ClInclude>
    <ClInclude Include="headers\kernelcloak\crypto\xor_cipher.h">
      <Filter>Header Files</Filter>
    </ClInclude>
    <ClInclude Include="headers\kernelcloak\crypto\xtea.h">
      <Filter>Header Files</Filter>
    </ClInclude>
    <ClInclude Include="headers\kernelcloak\obfuscation\boolean.h">
      <Filter>Header Files</Filter>
    </ClInclude>
    <ClInclude Include="headers\kernelcloak\obfuscation\cfg_flatten.h">
      <Filter>Header Files</Filter>
    </ClInclude>
    <ClInclude Include="headers\kernelcloak\obfuscation\cfg_protect.h">
      <Filter>Header Files</Filter>
    </ClInclude>
    <ClInclude Include="headers\kernelcloak\obfuscation\compare.h">
      <Filter>Header Files</Filter>
    </ClInclude>
    <ClInclude Include="headers\kernelcloak\obfuscation\control_flow.h">
      <Filter>Header Files</Filter>
    </ClInclude>
    <ClInclude Include="headers\kernelcloak\obfuscation\mba.h">
      <Filter>Header Files</Filter>
    </ClInclude>
    <ClInclude Include="headers\kernelcloak\obfuscation\value.h">
      <Filter>Header Files</Filter>
    </ClInclude>
    <ClInclude Include="headers\kernelcloak\security\anti_debug.h">
      <Filter>Header Files</Filter>
    </ClInclude>
    <ClInclude Include="headers\kernelcloak\security\anti_vm.h">
      <Filter>Header Files</Filter>
    </ClInclude>
    <ClInclude Include="headers\kernelcloak\security\import_hiding.h">
      <Filter>Header Files</Filter>
    </ClInclude>
    <ClInclude Include="headers\kernelcloak\security\integrity.h">
      <Filter>Header Files</Filter>
    </ClInclude>
    <ClInclude Include="headers\kernelcloak\security\pe_erase.h">
      <Filter>Header Files</Filter>
    </ClInclude>
    <ClInclude Include="headers\kernelcloak\strings\encrypted_string.h">
      <Filter>Header Files</Filter>
    </ClInclude>
    <ClInclude Include="headers\kernelcloak\strings\encrypted_wstring.h">
      <Filter>Header Files</Filter>
    </ClInclude>
    <ClInclude Include="headers\kernelcloak\strings\layered_string.h">
      <Filter>Header Files</Filter>
    </ClInclude>
    <ClInclude Include="headers\kernelcloak\strings\stack_string.h">
      <Filter>Header Files</Filter>
    </ClInclude>
    <ClInclude Include="headers\kernelcloak\config.h">
      <Filter>Header Files</Filter>
    </ClInclude>
    <ClInclude Include="headers\kernelcloak.h">
      <Filter>Header Files</Filter>
    </ClInclude>
    <ClInclude Include="headers\types\nt types.h">
      <Filter>Header Files</Filter>
    </ClInclude>
    <ClInclude Include="headers\includes.h">
      <Filter>Header Files</Filter>
    </ClInclude>
    <ClInclude Include="headers\types\communication.h">
      <Filter>Header Files</Filter>
    </ClInclude>
    <ClInclude Include="headers\utils\imports resolver.h">
      <Filter>Header Files</Filter>
    </ClInclude>
    <ClInclude Include="headers\utils\enum process.h">
      <Filter>Header Files</Filter>
    </ClInclude>
    <ClInclude Include="headers\HookManager.h">
      <Filter>Header Files</Filter>
    </ClInclude>
  </ItemGroup>
</Project>